
Microsoft Visual Studio Solution File, Format Version 12.00
# Visual Studio 15
Project("{FAE04EC0-301F-11D3-BF4B-00C04F79EFBC}") = "Unity.Timeline", "Unity.Timeline.csproj", "{9F0A4C78-0EE7-2D31-05F8-F14228F74991}"
EndProject
Project("{FAE04EC0-301F-11D3-BF4B-00C04F79EFBC}") = "Unity.RenderPipelines.GPUDriven.Runtime", "Unity.RenderPipelines.GPUDriven.Runtime.csproj", "{C1A8AD4D-06AC-6949-0DEB-0F2F7BCBBF6E}"
EndProject
Project("{FAE04EC0-301F-11D3-BF4B-00C04F79EFBC}") = "Unity.ShaderGraph.Editor", "Unity.ShaderGraph.Editor.csproj", "{7DE128B4-7DB7-4949-31D1-A1FBD4A63920}"
EndProject
Project("{FAE04EC0-301F-11D3-BF4B-00C04F79EFBC}") = "Unity.PlasticSCM.Editor", "Unity.PlasticSCM.Editor.csproj", "{5B02D9E5-CF21-5164-6B4E-75E769CB80CA}"
EndProject
Project("{FAE04EC0-301F-11D3-BF4B-00C04F79EFBC}") = "Unity.RenderPipelines.Core.Runtime", "Unity.RenderPipelines.Core.Runtime.csproj", "{E0D180F9-707C-BE90-9DAB-E60AE0666706}"
EndProject
Project("{FAE04EC0-301F-11D3-BF4B-00C04F79EFBC}") = "Unity.Mathematics", "Unity.Mathematics.csproj", "{D3A8CB0A-9942-F17B-3825-0D98D850A721}"
EndProject
Project("{FAE04EC0-301F-11D3-BF4B-00C04F79EFBC}") = "Unity.Timeline.Editor", "Unity.Timeline.Editor.csproj", "{72A6D1AE-6E13-C2D0-D00D-4FABDEF7F86D}"
EndProject
Project("{FAE04EC0-301F-11D3-BF4B-00C04F79EFBC}") = "Unity.Multiplayer.Center.Editor", "Unity.Multiplayer.Center.Editor.csproj", "{1D5CB794-FD00-57C5-7F75-2CEC49BA8D64}"
EndProject
Project("{FAE04EC0-301F-11D3-BF4B-00C04F79EFBC}") = "Unity.RenderPipelines.Core.Editor", "Unity.RenderPipelines.Core.Editor.csproj", "{46E5278D-07A0-D4B6-3CDB-30D321EFBDF5}"
EndProject
Project("{FAE04EC0-301F-11D3-BF4B-00C04F79EFBC}") = "Unity.Collections", "Unity.Collections.csproj", "{ED6B9DE8-944B-23DA-40BB-F4DABCBC2DAA}"
EndProject
Project("{FAE04EC0-301F-11D3-BF4B-00C04F79EFBC}") = "UnityEngine.UI", "UnityEngine.UI.csproj", "{9AE4710F-6FC2-8728-B9E0-E84A7B951C7A}"
EndProject
Project("{FAE04EC0-301F-11D3-BF4B-00C04F79EFBC}") = "Unity.RenderPipelines.Universal.2D.Runtime", "Unity.RenderPipelines.Universal.2D.Runtime.csproj", "{339E728C-4AD2-2D2C-A0F9-3B41022725E1}"
EndProject
Project("{FAE04EC0-301F-11D3-BF4B-00C04F79EFBC}") = "Unity.VisualScripting.Core.Editor", "Unity.VisualScripting.Core.Editor.csproj", "{E3DAB700-57B0-B9DA-8031-CAFC2F1422FE}"
EndProject
Project("{FAE04EC0-301F-11D3-BF4B-00C04F79EFBC}") = "Unity.RenderPipelines.Universal.Editor", "Unity.RenderPipelines.Universal.Editor.csproj", "{757E8092-DD25-2900-D9D3-DAC68AA7922E}"
EndProject
Project("{FAE04EC0-301F-11D3-BF4B-00C04F79EFBC}") = "Unity.PerformanceTesting.Editor", "Unity.PerformanceTesting.Editor.csproj", "{3D62B5FC-7518-3CA6-63C3-60F1BE9B9365}"
EndProject
Project("{FAE04EC0-301F-11D3-BF4B-00C04F79EFBC}") = "UnityEngine.TestRunner", "UnityEngine.TestRunner.csproj", "{B39148F2-D7C2-2AE0-5542-650240353FE3}"
EndProject
Project("{FAE04EC0-301F-11D3-BF4B-00C04F79EFBC}") = "Unity.Burst", "Unity.Burst.csproj", "{9061311A-D4B7-B09E-26C5-48BA343A9A9D}"
EndProject
Project("{FAE04EC0-301F-11D3-BF4B-00C04F79EFBC}") = "Unity.VisualScripting.Flow.Editor", "Unity.VisualScripting.Flow.Editor.csproj", "{BE65EE9D-A1E2-6BCE-7EFB-396D82D2D7AC}"
EndProject
Project("{FAE04EC0-301F-11D3-BF4B-00C04F79EFBC}") = "Unity.VisualStudio.Editor", "Unity.VisualStudio.Editor.csproj", "{1A198AA2-D8BD-8F59-00E9-72F9A6C189D0}"
EndProject
Project("{FAE04EC0-301F-11D3-BF4B-00C04F79EFBC}") = "Unity.InputSystem", "Unity.InputSystem.csproj", "{EEDF2AF4-77E8-C91C-B214-C96DD1557EF4}"
EndProject
Project("{FAE04EC0-301F-11D3-BF4B-00C04F79EFBC}") = "PPv2URPConverters", "PPv2URPConverters.csproj", "{7631991B-F665-46AC-2C31-4FE9F2DC9EC0}"
EndProject
Project("{FAE04EC0-301F-11D3-BF4B-00C04F79EFBC}") = "Unity.Searcher.Editor", "Unity.Searcher.Editor.csproj", "{48EB3C21-872B-813E-3AEE-2B3418099099}"
EndProject
Project("{FAE04EC0-301F-11D3-BF4B-00C04F79EFBC}") = "UnityEditor.TestRunner", "UnityEditor.TestRunner.csproj", "{E0AEE91C-42D1-3A7C-52DB-1F1E1B95B054}"
EndProject
Project("{FAE04EC0-301F-11D3-BF4B-00C04F79EFBC}") = "Unity.VisualScripting.Core", "Unity.VisualScripting.Core.csproj", "{1B2BCC26-6791-91C1-0407-BCC0D7D2105C}"
EndProject
Project("{FAE04EC0-301F-11D3-BF4B-00C04F79EFBC}") = "Unity.RenderPipelines.Universal.Runtime", "Unity.RenderPipelines.Universal.Runtime.csproj", "{D1DEADE6-C3C8-5DB8-1267-4344D9EF4F27}"
EndProject
Project("{FAE04EC0-301F-11D3-BF4B-00C04F79EFBC}") = "Unity.AI.Navigation.Editor.ConversionSystem", "Unity.AI.Navigation.Editor.ConversionSystem.csproj", "{90543A20-378E-EC47-66E2-277447D2D919}"
EndProject
Project("{FAE04EC0-301F-11D3-BF4B-00C04F79EFBC}") = "Unity.VisualScripting.State.Editor", "Unity.VisualScripting.State.Editor.csproj", "{BCA40EFE-C9B9-78EA-1302-2A2F0540DD54}"
EndProject
Project("{FAE04EC0-301F-11D3-BF4B-00C04F79EFBC}") = "Unity.Burst.CodeGen", "Unity.Burst.CodeGen.csproj", "{A64560BF-F482-9505-CF8E-28FA3353187A}"
EndProject
Project("{FAE04EC0-301F-11D3-BF4B-00C04F79EFBC}") = "Unity.VisualScripting.Flow", "Unity.VisualScripting.Flow.csproj", "{73566C8C-B697-3D3E-6068-616C6382C56A}"
EndProject
Project("{FAE04EC0-301F-11D3-BF4B-00C04F79EFBC}") = "Unity.PerformanceTesting", "Unity.PerformanceTesting.csproj", "{310269E7-B74C-22E7-9CC6-057608BD4518}"
EndProject
Project("{FAE04EC0-301F-11D3-BF4B-00C04F79EFBC}") = "Unity.TextMeshPro", "Unity.TextMeshPro.csproj", "{B7352ECB-D8E9-3040-F83A-28F8A16AF8DA}"
EndProject
Project("{FAE04EC0-301F-11D3-BF4B-00C04F79EFBC}") = "Unity.TextMeshPro.Editor", "Unity.TextMeshPro.Editor.csproj", "{7F7AF30C-EF38-9BE8-942B-D17F39EFCBB1}"
EndProject
Project("{FAE04EC0-301F-11D3-BF4B-00C04F79EFBC}") = "Unity.Rendering.LightTransport.Runtime", "Unity.Rendering.LightTransport.Runtime.csproj", "{AAD31A2C-C447-456D-E98D-E7AD067A9436}"
EndProject
Project("{FAE04EC0-301F-11D3-BF4B-00C04F79EFBC}") = "Unity.Burst.Editor", "Unity.Burst.Editor.csproj", "{7DB4FD79-4E05-9D10-6A8B-6A7128C8AE23}"
EndProject
Project("{FAE04EC0-301F-11D3-BF4B-00C04F79EFBC}") = "Unity.Rider.Editor", "Unity.Rider.Editor.csproj", "{76943477-FE7C-3655-F30B-68EECED591FB}"
EndProject
Project("{FAE04EC0-301F-11D3-BF4B-00C04F79EFBC}") = "Unity.VisualScripting.State", "Unity.VisualScripting.State.csproj", "{1E1C64A3-6195-D803-BD7E-9D746DFFAA78}"
EndProject
Project("{FAE04EC0-301F-11D3-BF4B-00C04F79EFBC}") = "Unity.AI.Navigation.Updater", "Unity.AI.Navigation.Updater.csproj", "{236B9E9D-B570-4AE7-BA0E-909F863A286C}"
EndProject
Project("{FAE04EC0-301F-11D3-BF4B-00C04F79EFBC}") = "UnityEditor.UI", "UnityEditor.UI.csproj", "{1358EF4B-A2DC-EE39-B4EA-5796F05EC81E}"
EndProject
Project("{FAE04EC0-301F-11D3-BF4B-00C04F79EFBC}") = "Unity.AI.Navigation.Editor", "Unity.AI.Navigation.Editor.csproj", "{405FD75C-23FA-F4B7-59F5-192F3300048E}"
EndProject
Project("{FAE04EC0-301F-11D3-BF4B-00C04F79EFBC}") = "Unity.Multiplayer.Center.Common", "Unity.Multiplayer.Center.Common.csproj", "{088A0602-0B8D-73E6-41AF-CDFDDD93CADD}"
EndProject
Project("{FAE04EC0-301F-11D3-BF4B-00C04F79EFBC}") = "Unity.InputSystem.ForUI", "Unity.InputSystem.ForUI.csproj", "{F82D26F6-A014-70F7-FC32-F0C0EAF85005}"
EndProject
Project("{FAE04EC0-301F-11D3-BF4B-00C04F79EFBC}") = "Unity.AI.Navigation", "Unity.AI.Navigation.csproj", "{EC14DD11-400E-AE74-8171-69C9A62A1C65}"
EndProject
Project("{FAE04EC0-301F-11D3-BF4B-00C04F79EFBC}") = "Unity.Collections.CodeGen", "Unity.Collections.CodeGen.csproj", "{C19D3F0E-4D7B-CD7C-3743-33C2D396869A}"
EndProject
Project("{FAE04EC0-301F-11D3-BF4B-00C04F79EFBC}") = "Assembly-CSharp", "Assembly-CSharp.csproj", "{51E6012D-C207-86F0-63F5-3266A460C7F4}"
EndProject
Project("{FAE04EC0-301F-11D3-BF4B-00C04F79EFBC}") = "Unity.Mathematics.Editor", "Unity.Mathematics.Editor.csproj", "{C6D4BF34-B8F3-9B71-F928-BB293DC6F127}"
EndProject
Project("{FAE04EC0-301F-11D3-BF4B-00C04F79EFBC}") = "Unity.VisualScripting.SettingsProvider.Editor", "Unity.VisualScripting.SettingsProvider.Editor.csproj", "{2B6A1B12-9A30-6448-994B-13B285C60086}"
EndProject
Project("{FAE04EC0-301F-11D3-BF4B-00C04F79EFBC}") = "Assembly-CSharp-Editor", "Assembly-CSharp-Editor.csproj", "{BE3656BD-69EA-AD1F-9A87-49A4A3389998}"
EndProject
Project("{FAE04EC0-301F-11D3-BF4B-00C04F79EFBC}") = "Unity.InputSystem.TestFramework", "Unity.InputSystem.TestFramework.csproj", "{987422B1-C1CC-EC41-35CD-5019021F4F66}"
EndProject
Project("{FAE04EC0-301F-11D3-BF4B-00C04F79EFBC}") = "Unity.ShaderGraph.Utilities", "Unity.ShaderGraph.Utilities.csproj", "{AB834841-E79B-DFEC-F313-631BFDE25830}"
EndProject
Project("{FAE04EC0-301F-11D3-BF4B-00C04F79EFBC}") = "Unity.VisualScripting.Shared.Editor", "Unity.VisualScripting.Shared.Editor.csproj", "{5358BBE6-6CD2-8A5B-663C-818B3D8B6130}"
EndProject
Project("{FAE04EC0-301F-11D3-BF4B-00C04F79EFBC}") = "Unity.RenderPipeline.Universal.ShaderLibrary", "Unity.RenderPipeline.Universal.ShaderLibrary.csproj", "{9F514471-86D0-D79B-1FB8-8CE2FAD648C7}"
EndProject
Project("{FAE04EC0-301F-11D3-BF4B-00C04F79EFBC}") = "Unity.CollabProxy.Editor", "Unity.CollabProxy.Editor.csproj", "{1161169D-BA93-BB6D-BBDC-615ABF2A62B7}"
EndProject
Project("{FAE04EC0-301F-11D3-BF4B-00C04F79EFBC}") = "Unity.Rendering.LightTransport.Editor", "Unity.Rendering.LightTransport.Editor.csproj", "{D28776B4-C4EE-D69D-F055-39213A953A0E}"
EndProject
Project("{FAE04EC0-301F-11D3-BF4B-00C04F79EFBC}") = "Unity.RenderPipelines.Universal.Shaders", "Unity.RenderPipelines.Universal.Shaders.csproj", "{9EF8C97B-8BF9-53CD-5BEB-943AB76DCEFB}"
EndProject
Project("{FAE04EC0-301F-11D3-BF4B-00C04F79EFBC}") = "Unity.RenderPipelines.Core.Runtime.Shared", "Unity.RenderPipelines.Core.Runtime.Shared.csproj", "{1B1424F2-5651-6553-181D-F57645F34CEA}"
EndProject
Project("{FAE04EC0-301F-11D3-BF4B-00C04F79EFBC}") = "Unity.Collections.Editor", "Unity.Collections.Editor.csproj", "{040B5544-FCB7-7E13-C21E-7CD27DB1A041}"
EndProject
Project("{FAE04EC0-301F-11D3-BF4B-00C04F79EFBC}") = "Unity.RenderPipelines.Universal.Config.Runtime", "Unity.RenderPipelines.Universal.Config.Runtime.csproj", "{35162D43-8B43-FFDA-5082-34BAF1BCCE0A}"
EndProject
Project("{FAE04EC0-301F-11D3-BF4B-00C04F79EFBC}") = "Unity.RenderPipelines.ShaderGraph.ShaderGraphLibrary", "Unity.RenderPipelines.ShaderGraph.ShaderGraphLibrary.csproj", "{A423EBFA-2AE6-63D6-3A34-1620D6B95D58}"
EndProject
Project("{FAE04EC0-301F-11D3-BF4B-00C04F79EFBC}") = "Unity.RenderPipelines.Core.ShaderLibrary", "Unity.RenderPipelines.Core.ShaderLibrary.csproj", "{4797A503-7988-32E8-C307-AD14962CD0CE}"
EndProject
Project("{FAE04EC0-301F-11D3-BF4B-00C04F79EFBC}") = "Unity.RenderPipelines.Core.Editor.Shared", "Unity.RenderPipelines.Core.Editor.Shared.csproj", "{B60D933A-3113-EB07-DD96-B93F137A4063}"
EndProject
Project("{FAE04EC0-301F-11D3-BF4B-00C04F79EFBC}") = "Unity.Timeline", "Unity.Timeline.Player.csproj", "{CE2E743E-9B14-921B-D1EC-829D37DD8974}"
EndProject
Project("{FAE04EC0-301F-11D3-BF4B-00C04F79EFBC}") = "Unity.RenderPipelines.GPUDriven.Runtime", "Unity.RenderPipelines.GPUDriven.Runtime.Player.csproj", "{19886AD3-DA69-0C84-EF93-325E6EC728B0}"
EndProject
Project("{FAE04EC0-301F-11D3-BF4B-00C04F79EFBC}") = "Unity.RenderPipelines.Core.Runtime", "Unity.RenderPipelines.Core.Runtime.Player.csproj", "{B19FEE73-2F56-830E-78F9-A7978889EFDC}"
EndProject
Project("{FAE04EC0-301F-11D3-BF4B-00C04F79EFBC}") = "Unity.Mathematics", "Unity.Mathematics.Player.csproj", "{A1407C0C-FF21-10CC-C50E-DCB33D1B2656}"
EndProject
Project("{FAE04EC0-301F-11D3-BF4B-00C04F79EFBC}") = "Unity.Collections", "Unity.Collections.Player.csproj", "{6996819B-0E90-DEFE-136A-EF991D777431}"
EndProject
Project("{FAE04EC0-301F-11D3-BF4B-00C04F79EFBC}") = "UnityEngine.UI", "UnityEngine.UI.Player.csproj", "{48C576A9-6044-9511-4D68-6BE32404ADB3}"
EndProject
Project("{FAE04EC0-301F-11D3-BF4B-00C04F79EFBC}") = "Unity.RenderPipelines.Universal.2D.Runtime", "Unity.RenderPipelines.Universal.2D.Runtime.Player.csproj", "{B961405D-3675-3419-2522-508B012F5BC0}"
EndProject
Project("{FAE04EC0-301F-11D3-BF4B-00C04F79EFBC}") = "UnityEngine.TestRunner", "UnityEngine.TestRunner.Player.csproj", "{4DAAE486-C1B2-9764-71D2-ED89E883113B}"
EndProject
Project("{FAE04EC0-301F-11D3-BF4B-00C04F79EFBC}") = "Unity.Burst", "Unity.Burst.Player.csproj", "{0ED1B622-826B-96AA-673B-03E346AE4A8B}"
EndProject
Project("{FAE04EC0-301F-11D3-BF4B-00C04F79EFBC}") = "Unity.InputSystem", "Unity.InputSystem.Player.csproj", "{B9FCD0A3-287F-FB30-243D-92CC9ADEF607}"
EndProject
Project("{FAE04EC0-301F-11D3-BF4B-00C04F79EFBC}") = "Unity.VisualScripting.Core", "Unity.VisualScripting.Core.Player.csproj", "{2B23D3F4-1A63-5C40-E2AF-5B02881D7434}"
EndProject
Project("{FAE04EC0-301F-11D3-BF4B-00C04F79EFBC}") = "Unity.RenderPipelines.Universal.Runtime", "Unity.RenderPipelines.Universal.Runtime.Player.csproj", "{7A5C6353-6C6C-AF36-C095-618F635509D9}"
EndProject
Project("{FAE04EC0-301F-11D3-BF4B-00C04F79EFBC}") = "Unity.VisualScripting.Flow", "Unity.VisualScripting.Flow.Player.csproj", "{1A5DDFD2-2B8B-DD40-37A7-73FE98E439B1}"
EndProject
Project("{FAE04EC0-301F-11D3-BF4B-00C04F79EFBC}") = "Unity.PerformanceTesting", "Unity.PerformanceTesting.Player.csproj", "{AEBBA21D-26BA-7477-ED1C-3D15A14958EF}"
EndProject
Project("{FAE04EC0-301F-11D3-BF4B-00C04F79EFBC}") = "Unity.TextMeshPro", "Unity.TextMeshPro.Player.csproj", "{3FEBCFFB-9C75-5F9D-45C2-11C595FF9392}"
EndProject
Project("{FAE04EC0-301F-11D3-BF4B-00C04F79EFBC}") = "Unity.Rendering.LightTransport.Runtime", "Unity.Rendering.LightTransport.Runtime.Player.csproj", "{AAD68A9C-8233-990D-E459-49335F044D15}"
EndProject
Project("{FAE04EC0-301F-11D3-BF4B-00C04F79EFBC}") = "Unity.VisualScripting.State", "Unity.VisualScripting.State.Player.csproj", "{8B6ED278-599A-E04C-ACC2-DF908B3F97D6}"
EndProject
Project("{FAE04EC0-301F-11D3-BF4B-00C04F79EFBC}") = "Unity.Multiplayer.Center.Common", "Unity.Multiplayer.Center.Common.Player.csproj", "{F4A68097-7712-DCF6-A866-93260B814F87}"
EndProject
Project("{FAE04EC0-301F-11D3-BF4B-00C04F79EFBC}") = "Unity.InputSystem.ForUI", "Unity.InputSystem.ForUI.Player.csproj", "{6DE88188-C42D-2622-E483-E4038F75EE69}"
EndProject
Project("{FAE04EC0-301F-11D3-BF4B-00C04F79EFBC}") = "Unity.AI.Navigation", "Unity.AI.Navigation.Player.csproj", "{FBE12795-DA4A-D7C8-5A32-A3F26DBB0D87}"
EndProject
Project("{FAE04EC0-301F-11D3-BF4B-00C04F79EFBC}") = "Assembly-CSharp", "Assembly-CSharp.Player.csproj", "{8A09C8DD-3FBD-4359-E19A-87B57F63928F}"
EndProject
Project("{FAE04EC0-301F-11D3-BF4B-00C04F79EFBC}") = "Unity.InputSystem.TestFramework", "Unity.InputSystem.TestFramework.Player.csproj", "{3419B71A-EE57-BB8B-4088-7DAEA8CE6F04}"
EndProject
Project("{FAE04EC0-301F-11D3-BF4B-00C04F79EFBC}") = "Unity.RenderPipeline.Universal.ShaderLibrary", "Unity.RenderPipeline.Universal.ShaderLibrary.Player.csproj", "{D71CC369-6798-6708-6ABD-C919E2C8C446}"
EndProject
Project("{FAE04EC0-301F-11D3-BF4B-00C04F79EFBC}") = "Unity.RenderPipelines.Universal.Shaders", "Unity.RenderPipelines.Universal.Shaders.Player.csproj", "{484DE4B1-8203-7527-489F-DC958FE870AA}"
EndProject
Project("{FAE04EC0-301F-11D3-BF4B-00C04F79EFBC}") = "Unity.RenderPipelines.Core.Runtime.Shared", "Unity.RenderPipelines.Core.Runtime.Shared.Player.csproj", "{382A3785-E018-2C4D-3776-DF6D63E4A5CB}"
EndProject
Project("{FAE04EC0-301F-11D3-BF4B-00C04F79EFBC}") = "Unity.RenderPipelines.Universal.Config.Runtime", "Unity.RenderPipelines.Universal.Config.Runtime.Player.csproj", "{0FC045B1-E0E1-35C4-31AB-62A0A00C65ED}"
EndProject
Project("{FAE04EC0-301F-11D3-BF4B-00C04F79EFBC}") = "Unity.RenderPipelines.ShaderGraph.ShaderGraphLibrary", "Unity.RenderPipelines.ShaderGraph.ShaderGraphLibrary.Player.csproj", "{32E523C0-59F0-FA84-D3E8-F04706941749}"
EndProject
Project("{FAE04EC0-301F-11D3-BF4B-00C04F79EFBC}") = "Unity.RenderPipelines.Core.ShaderLibrary", "Unity.RenderPipelines.Core.ShaderLibrary.Player.csproj", "{4BBAA2EB-87E7-F971-43D9-5C1216E2827C}"
EndProject
Global
	GlobalSection(SolutionConfigurationPlatforms) = preSolution
		Debug|Any CPU = Debug|Any CPU
		Release|Any CPU = Release|Any CPU
	EndGlobalSection
	GlobalSection(ProjectConfigurationPlatforms) = postSolution
		{9F0A4C78-0EE7-2D31-05F8-F14228F74991}.Debug|Any CPU.ActiveCfg = Debug|Any CPU
		{9F0A4C78-0EE7-2D31-05F8-F14228F74991}.Debug|Any CPU.Build.0 = Debug|Any CPU
		{9F0A4C78-0EE7-2D31-05F8-F14228F74991}.Release|Any CPU.ActiveCfg = Release|Any CPU
		{9F0A4C78-0EE7-2D31-05F8-F14228F74991}.Release|Any CPU.Build.0 = Release|Any CPU
		{C1A8AD4D-06AC-6949-0DEB-0F2F7BCBBF6E}.Debug|Any CPU.ActiveCfg = Debug|Any CPU
		{C1A8AD4D-06AC-6949-0DEB-0F2F7BCBBF6E}.Debug|Any CPU.Build.0 = Debug|Any CPU
		{C1A8AD4D-06AC-6949-0DEB-0F2F7BCBBF6E}.Release|Any CPU.ActiveCfg = Release|Any CPU
		{C1A8AD4D-06AC-6949-0DEB-0F2F7BCBBF6E}.Release|Any CPU.Build.0 = Release|Any CPU
		{7DE128B4-7DB7-4949-31D1-A1FBD4A63920}.Debug|Any CPU.ActiveCfg = Debug|Any CPU
		{7DE128B4-7DB7-4949-31D1-A1FBD4A63920}.Debug|Any CPU.Build.0 = Debug|Any CPU
		{7DE128B4-7DB7-4949-31D1-A1FBD4A63920}.Release|Any CPU.ActiveCfg = Release|Any CPU
		{7DE128B4-7DB7-4949-31D1-A1FBD4A63920}.Release|Any CPU.Build.0 = Release|Any CPU
		{5B02D9E5-CF21-5164-6B4E-75E769CB80CA}.Debug|Any CPU.ActiveCfg = Debug|Any CPU
		{5B02D9E5-CF21-5164-6B4E-75E769CB80CA}.Debug|Any CPU.Build.0 = Debug|Any CPU
		{5B02D9E5-CF21-5164-6B4E-75E769CB80CA}.Release|Any CPU.ActiveCfg = Release|Any CPU
		{5B02D9E5-CF21-5164-6B4E-75E769CB80CA}.Release|Any CPU.Build.0 = Release|Any CPU
		{E0D180F9-707C-BE90-9DAB-E60AE0666706}.Debug|Any CPU.ActiveCfg = Debug|Any CPU
		{E0D180F9-707C-BE90-9DAB-E60AE0666706}.Debug|Any CPU.Build.0 = Debug|Any CPU
		{E0D180F9-707C-BE90-9DAB-E60AE0666706}.Release|Any CPU.ActiveCfg = Release|Any CPU
		{E0D180F9-707C-BE90-9DAB-E60AE0666706}.Release|Any CPU.Build.0 = Release|Any CPU
		{D3A8CB0A-9942-F17B-3825-0D98D850A721}.Debug|Any CPU.ActiveCfg = Debug|Any CPU
		{D3A8CB0A-9942-F17B-3825-0D98D850A721}.Debug|Any CPU.Build.0 = Debug|Any CPU
		{D3A8CB0A-9942-F17B-3825-0D98D850A721}.Release|Any CPU.ActiveCfg = Release|Any CPU
		{D3A8CB0A-9942-F17B-3825-0D98D850A721}.Release|Any CPU.Build.0 = Release|Any CPU
		{72A6D1AE-6E13-C2D0-D00D-4FABDEF7F86D}.Debug|Any CPU.ActiveCfg = Debug|Any CPU
		{72A6D1AE-6E13-C2D0-D00D-4FABDEF7F86D}.Debug|Any CPU.Build.0 = Debug|Any CPU
		{72A6D1AE-6E13-C2D0-D00D-4FABDEF7F86D}.Release|Any CPU.ActiveCfg = Release|Any CPU
		{72A6D1AE-6E13-C2D0-D00D-4FABDEF7F86D}.Release|Any CPU.Build.0 = Release|Any CPU
		{1D5CB794-FD00-57C5-7F75-2CEC49BA8D64}.Debug|Any CPU.ActiveCfg = Debug|Any CPU
		{1D5CB794-FD00-57C5-7F75-2CEC49BA8D64}.Debug|Any CPU.Build.0 = Debug|Any CPU
		{1D5CB794-FD00-57C5-7F75-2CEC49BA8D64}.Release|Any CPU.ActiveCfg = Release|Any CPU
		{1D5CB794-FD00-57C5-7F75-2CEC49BA8D64}.Release|Any CPU.Build.0 = Release|Any CPU
		{46E5278D-07A0-D4B6-3CDB-30D321EFBDF5}.Debug|Any CPU.ActiveCfg = Debug|Any CPU
		{46E5278D-07A0-D4B6-3CDB-30D321EFBDF5}.Debug|Any CPU.Build.0 = Debug|Any CPU
		{46E5278D-07A0-D4B6-3CDB-30D321EFBDF5}.Release|Any CPU.ActiveCfg = Release|Any CPU
		{46E5278D-07A0-D4B6-3CDB-30D321EFBDF5}.Release|Any CPU.Build.0 = Release|Any CPU
		{ED6B9DE8-944B-23DA-40BB-F4DABCBC2DAA}.Debug|Any CPU.ActiveCfg = Debug|Any CPU
		{ED6B9DE8-944B-23DA-40BB-F4DABCBC2DAA}.Debug|Any CPU.Build.0 = Debug|Any CPU
		{ED6B9DE8-944B-23DA-40BB-F4DABCBC2DAA}.Release|Any CPU.ActiveCfg = Release|Any CPU
		{ED6B9DE8-944B-23DA-40BB-F4DABCBC2DAA}.Release|Any CPU.Build.0 = Release|Any CPU
		{9AE4710F-6FC2-8728-B9E0-E84A7B951C7A}.Debug|Any CPU.ActiveCfg = Debug|Any CPU
		{9AE4710F-6FC2-8728-B9E0-E84A7B951C7A}.Debug|Any CPU.Build.0 = Debug|Any CPU
		{9AE4710F-6FC2-8728-B9E0-E84A7B951C7A}.Release|Any CPU.ActiveCfg = Release|Any CPU
		{9AE4710F-6FC2-8728-B9E0-E84A7B951C7A}.Release|Any CPU.Build.0 = Release|Any CPU
		{339E728C-4AD2-2D2C-A0F9-3B41022725E1}.Debug|Any CPU.ActiveCfg = Debug|Any CPU
		{339E728C-4AD2-2D2C-A0F9-3B41022725E1}.Debug|Any CPU.Build.0 = Debug|Any CPU
		{339E728C-4AD2-2D2C-A0F9-3B41022725E1}.Release|Any CPU.ActiveCfg = Release|Any CPU
		{339E728C-4AD2-2D2C-A0F9-3B41022725E1}.Release|Any CPU.Build.0 = Release|Any CPU
		{E3DAB700-57B0-B9DA-8031-CAFC2F1422FE}.Debug|Any CPU.ActiveCfg = Debug|Any CPU
		{E3DAB700-57B0-B9DA-8031-CAFC2F1422FE}.Debug|Any CPU.Build.0 = Debug|Any CPU
		{E3DAB700-57B0-B9DA-8031-CAFC2F1422FE}.Release|Any CPU.ActiveCfg = Release|Any CPU
		{E3DAB700-57B0-B9DA-8031-CAFC2F1422FE}.Release|Any CPU.Build.0 = Release|Any CPU
		{757E8092-DD25-2900-D9D3-DAC68AA7922E}.Debug|Any CPU.ActiveCfg = Debug|Any CPU
		{757E8092-DD25-2900-D9D3-DAC68AA7922E}.Debug|Any CPU.Build.0 = Debug|Any CPU
		{757E8092-DD25-2900-D9D3-DAC68AA7922E}.Release|Any CPU.ActiveCfg = Release|Any CPU
		{757E8092-DD25-2900-D9D3-DAC68AA7922E}.Release|Any CPU.Build.0 = Release|Any CPU
		{3D62B5FC-7518-3CA6-63C3-60F1BE9B9365}.Debug|Any CPU.ActiveCfg = Debug|Any CPU
		{3D62B5FC-7518-3CA6-63C3-60F1BE9B9365}.Debug|Any CPU.Build.0 = Debug|Any CPU
		{3D62B5FC-7518-3CA6-63C3-60F1BE9B9365}.Release|Any CPU.ActiveCfg = Release|Any CPU
		{3D62B5FC-7518-3CA6-63C3-60F1BE9B9365}.Release|Any CPU.Build.0 = Release|Any CPU
		{B39148F2-D7C2-2AE0-5542-650240353FE3}.Debug|Any CPU.ActiveCfg = Debug|Any CPU
		{B39148F2-D7C2-2AE0-5542-650240353FE3}.Debug|Any CPU.Build.0 = Debug|Any CPU
		{B39148F2-D7C2-2AE0-5542-650240353FE3}.Release|Any CPU.ActiveCfg = Release|Any CPU
		{B39148F2-D7C2-2AE0-5542-650240353FE3}.Release|Any CPU.Build.0 = Release|Any CPU
		{9061311A-D4B7-B09E-26C5-48BA343A9A9D}.Debug|Any CPU.ActiveCfg = Debug|Any CPU
		{9061311A-D4B7-B09E-26C5-48BA343A9A9D}.Debug|Any CPU.Build.0 = Debug|Any CPU
		{9061311A-D4B7-B09E-26C5-48BA343A9A9D}.Release|Any CPU.ActiveCfg = Release|Any CPU
		{9061311A-D4B7-B09E-26C5-48BA343A9A9D}.Release|Any CPU.Build.0 = Release|Any CPU
		{BE65EE9D-A1E2-6BCE-7EFB-396D82D2D7AC}.Debug|Any CPU.ActiveCfg = Debug|Any CPU
		{BE65EE9D-A1E2-6BCE-7EFB-396D82D2D7AC}.Debug|Any CPU.Build.0 = Debug|Any CPU
		{BE65EE9D-A1E2-6BCE-7EFB-396D82D2D7AC}.Release|Any CPU.ActiveCfg = Release|Any CPU
		{BE65EE9D-A1E2-6BCE-7EFB-396D82D2D7AC}.Release|Any CPU.Build.0 = Release|Any CPU
		{1A198AA2-D8BD-8F59-00E9-72F9A6C189D0}.Debug|Any CPU.ActiveCfg = Debug|Any CPU
		{1A198AA2-D8BD-8F59-00E9-72F9A6C189D0}.Debug|Any CPU.Build.0 = Debug|Any CPU
		{1A198AA2-D8BD-8F59-00E9-72F9A6C189D0}.Release|Any CPU.ActiveCfg = Release|Any CPU
		{1A198AA2-D8BD-8F59-00E9-72F9A6C189D0}.Release|Any CPU.Build.0 = Release|Any CPU
		{EEDF2AF4-77E8-C91C-B214-C96DD1557EF4}.Debug|Any CPU.ActiveCfg = Debug|Any CPU
		{EEDF2AF4-77E8-C91C-B214-C96DD1557EF4}.Debug|Any CPU.Build.0 = Debug|Any CPU
		{EEDF2AF4-77E8-C91C-B214-C96DD1557EF4}.Release|Any CPU.ActiveCfg = Release|Any CPU
		{EEDF2AF4-77E8-C91C-B214-C96DD1557EF4}.Release|Any CPU.Build.0 = Release|Any CPU
		{7631991B-F665-46AC-2C31-4FE9F2DC9EC0}.Debug|Any CPU.ActiveCfg = Debug|Any CPU
		{7631991B-F665-46AC-2C31-4FE9F2DC9EC0}.Debug|Any CPU.Build.0 = Debug|Any CPU
		{7631991B-F665-46AC-2C31-4FE9F2DC9EC0}.Release|Any CPU.ActiveCfg = Release|Any CPU
		{7631991B-F665-46AC-2C31-4FE9F2DC9EC0}.Release|Any CPU.Build.0 = Release|Any CPU
		{48EB3C21-872B-813E-3AEE-2B3418099099}.Debug|Any CPU.ActiveCfg = Debug|Any CPU
		{48EB3C21-872B-813E-3AEE-2B3418099099}.Debug|Any CPU.Build.0 = Debug|Any CPU
		{48EB3C21-872B-813E-3AEE-2B3418099099}.Release|Any CPU.ActiveCfg = Release|Any CPU
		{48EB3C21-872B-813E-3AEE-2B3418099099}.Release|Any CPU.Build.0 = Release|Any CPU
		{E0AEE91C-42D1-3A7C-52DB-1F1E1B95B054}.Debug|Any CPU.ActiveCfg = Debug|Any CPU
		{E0AEE91C-42D1-3A7C-52DB-1F1E1B95B054}.Debug|Any CPU.Build.0 = Debug|Any CPU
		{E0AEE91C-42D1-3A7C-52DB-1F1E1B95B054}.Release|Any CPU.ActiveCfg = Release|Any CPU
		{E0AEE91C-42D1-3A7C-52DB-1F1E1B95B054}.Release|Any CPU.Build.0 = Release|Any CPU
		{1B2BCC26-6791-91C1-0407-BCC0D7D2105C}.Debug|Any CPU.ActiveCfg = Debug|Any CPU
		{1B2BCC26-6791-91C1-0407-BCC0D7D2105C}.Debug|Any CPU.Build.0 = Debug|Any CPU
		{1B2BCC26-6791-91C1-0407-BCC0D7D2105C}.Release|Any CPU.ActiveCfg = Release|Any CPU
		{1B2BCC26-6791-91C1-0407-BCC0D7D2105C}.Release|Any CPU.Build.0 = Release|Any CPU
		{D1DEADE6-C3C8-5DB8-1267-4344D9EF4F27}.Debug|Any CPU.ActiveCfg = Debug|Any CPU
		{D1DEADE6-C3C8-5DB8-1267-4344D9EF4F27}.Debug|Any CPU.Build.0 = Debug|Any CPU
		{D1DEADE6-C3C8-5DB8-1267-4344D9EF4F27}.Release|Any CPU.ActiveCfg = Release|Any CPU
		{D1DEADE6-C3C8-5DB8-1267-4344D9EF4F27}.Release|Any CPU.Build.0 = Release|Any CPU
		{90543A20-378E-EC47-66E2-277447D2D919}.Debug|Any CPU.ActiveCfg = Debug|Any CPU
		{90543A20-378E-EC47-66E2-277447D2D919}.Debug|Any CPU.Build.0 = Debug|Any CPU
		{90543A20-378E-EC47-66E2-277447D2D919}.Release|Any CPU.ActiveCfg = Release|Any CPU
		{90543A20-378E-EC47-66E2-277447D2D919}.Release|Any CPU.Build.0 = Release|Any CPU
		{BCA40EFE-C9B9-78EA-1302-2A2F0540DD54}.Debug|Any CPU.ActiveCfg = Debug|Any CPU
		{BCA40EFE-C9B9-78EA-1302-2A2F0540DD54}.Debug|Any CPU.Build.0 = Debug|Any CPU
		{BCA40EFE-C9B9-78EA-1302-2A2F0540DD54}.Release|Any CPU.ActiveCfg = Release|Any CPU
		{BCA40EFE-C9B9-78EA-1302-2A2F0540DD54}.Release|Any CPU.Build.0 = Release|Any CPU
		{A64560BF-F482-9505-CF8E-28FA3353187A}.Debug|Any CPU.ActiveCfg = Debug|Any CPU
		{A64560BF-F482-9505-CF8E-28FA3353187A}.Debug|Any CPU.Build.0 = Debug|Any CPU
		{A64560BF-F482-9505-CF8E-28FA3353187A}.Release|Any CPU.ActiveCfg = Release|Any CPU
		{A64560BF-F482-9505-CF8E-28FA3353187A}.Release|Any CPU.Build.0 = Release|Any CPU
		{73566C8C-B697-3D3E-6068-616C6382C56A}.Debug|Any CPU.ActiveCfg = Debug|Any CPU
		{73566C8C-B697-3D3E-6068-616C6382C56A}.Debug|Any CPU.Build.0 = Debug|Any CPU
		{73566C8C-B697-3D3E-6068-616C6382C56A}.Release|Any CPU.ActiveCfg = Release|Any CPU
		{73566C8C-B697-3D3E-6068-616C6382C56A}.Release|Any CPU.Build.0 = Release|Any CPU
		{310269E7-B74C-22E7-9CC6-057608BD4518}.Debug|Any CPU.ActiveCfg = Debug|Any CPU
		{310269E7-B74C-22E7-9CC6-057608BD4518}.Debug|Any CPU.Build.0 = Debug|Any CPU
		{310269E7-B74C-22E7-9CC6-057608BD4518}.Release|Any CPU.ActiveCfg = Release|Any CPU
		{310269E7-B74C-22E7-9CC6-057608BD4518}.Release|Any CPU.Build.0 = Release|Any CPU
		{B7352ECB-D8E9-3040-F83A-28F8A16AF8DA}.Debug|Any CPU.ActiveCfg = Debug|Any CPU
		{B7352ECB-D8E9-3040-F83A-28F8A16AF8DA}.Debug|Any CPU.Build.0 = Debug|Any CPU
		{B7352ECB-D8E9-3040-F83A-28F8A16AF8DA}.Release|Any CPU.ActiveCfg = Release|Any CPU
		{B7352ECB-D8E9-3040-F83A-28F8A16AF8DA}.Release|Any CPU.Build.0 = Release|Any CPU
		{7F7AF30C-EF38-9BE8-942B-D17F39EFCBB1}.Debug|Any CPU.ActiveCfg = Debug|Any CPU
		{7F7AF30C-EF38-9BE8-942B-D17F39EFCBB1}.Debug|Any CPU.Build.0 = Debug|Any CPU
		{7F7AF30C-EF38-9BE8-942B-D17F39EFCBB1}.Release|Any CPU.ActiveCfg = Release|Any CPU
		{7F7AF30C-EF38-9BE8-942B-D17F39EFCBB1}.Release|Any CPU.Build.0 = Release|Any CPU
		{AAD31A2C-C447-456D-E98D-E7AD067A9436}.Debug|Any CPU.ActiveCfg = Debug|Any CPU
		{AAD31A2C-C447-456D-E98D-E7AD067A9436}.Debug|Any CPU.Build.0 = Debug|Any CPU
		{AAD31A2C-C447-456D-E98D-E7AD067A9436}.Release|Any CPU.ActiveCfg = Release|Any CPU
		{AAD31A2C-C447-456D-E98D-E7AD067A9436}.Release|Any CPU.Build.0 = Release|Any CPU
		{7DB4FD79-4E05-9D10-6A8B-6A7128C8AE23}.Debug|Any CPU.ActiveCfg = Debug|Any CPU
		{7DB4FD79-4E05-9D10-6A8B-6A7128C8AE23}.Debug|Any CPU.Build.0 = Debug|Any CPU
		{7DB4FD79-4E05-9D10-6A8B-6A7128C8AE23}.Release|Any CPU.ActiveCfg = Release|Any CPU
		{7DB4FD79-4E05-9D10-6A8B-6A7128C8AE23}.Release|Any CPU.Build.0 = Release|Any CPU
		{76943477-FE7C-3655-F30B-68EECED591FB}.Debug|Any CPU.ActiveCfg = Debug|Any CPU
		{76943477-FE7C-3655-F30B-68EECED591FB}.Debug|Any CPU.Build.0 = Debug|Any CPU
		{76943477-FE7C-3655-F30B-68EECED591FB}.Release|Any CPU.ActiveCfg = Release|Any CPU
		{76943477-FE7C-3655-F30B-68EECED591FB}.Release|Any CPU.Build.0 = Release|Any CPU
		{1E1C64A3-6195-D803-BD7E-9D746DFFAA78}.Debug|Any CPU.ActiveCfg = Debug|Any CPU
		{1E1C64A3-6195-D803-BD7E-9D746DFFAA78}.Debug|Any CPU.Build.0 = Debug|Any CPU
		{1E1C64A3-6195-D803-BD7E-9D746DFFAA78}.Release|Any CPU.ActiveCfg = Release|Any CPU
		{1E1C64A3-6195-D803-BD7E-9D746DFFAA78}.Release|Any CPU.Build.0 = Release|Any CPU
		{236B9E9D-B570-4AE7-BA0E-909F863A286C}.Debug|Any CPU.ActiveCfg = Debug|Any CPU
		{236B9E9D-B570-4AE7-BA0E-909F863A286C}.Debug|Any CPU.Build.0 = Debug|Any CPU
		{236B9E9D-B570-4AE7-BA0E-909F863A286C}.Release|Any CPU.ActiveCfg = Release|Any CPU
		{236B9E9D-B570-4AE7-BA0E-909F863A286C}.Release|Any CPU.Build.0 = Release|Any CPU
		{1358EF4B-A2DC-EE39-B4EA-5796F05EC81E}.Debug|Any CPU.ActiveCfg = Debug|Any CPU
		{1358EF4B-A2DC-EE39-B4EA-5796F05EC81E}.Debug|Any CPU.Build.0 = Debug|Any CPU
		{1358EF4B-A2DC-EE39-B4EA-5796F05EC81E}.Release|Any CPU.ActiveCfg = Release|Any CPU
		{1358EF4B-A2DC-EE39-B4EA-5796F05EC81E}.Release|Any CPU.Build.0 = Release|Any CPU
		{405FD75C-23FA-F4B7-59F5-192F3300048E}.Debug|Any CPU.ActiveCfg = Debug|Any CPU
		{405FD75C-23FA-F4B7-59F5-192F3300048E}.Debug|Any CPU.Build.0 = Debug|Any CPU
		{405FD75C-23FA-F4B7-59F5-192F3300048E}.Release|Any CPU.ActiveCfg = Release|Any CPU
		{405FD75C-23FA-F4B7-59F5-192F3300048E}.Release|Any CPU.Build.0 = Release|Any CPU
		{088A0602-0B8D-73E6-41AF-CDFDDD93CADD}.Debug|Any CPU.ActiveCfg = Debug|Any CPU
		{088A0602-0B8D-73E6-41AF-CDFDDD93CADD}.Debug|Any CPU.Build.0 = Debug|Any CPU
		{088A0602-0B8D-73E6-41AF-CDFDDD93CADD}.Release|Any CPU.ActiveCfg = Release|Any CPU
		{088A0602-0B8D-73E6-41AF-CDFDDD93CADD}.Release|Any CPU.Build.0 = Release|Any CPU
		{F82D26F6-A014-70F7-FC32-F0C0EAF85005}.Debug|Any CPU.ActiveCfg = Debug|Any CPU
		{F82D26F6-A014-70F7-FC32-F0C0EAF85005}.Debug|Any CPU.Build.0 = Debug|Any CPU
		{F82D26F6-A014-70F7-FC32-F0C0EAF85005}.Release|Any CPU.ActiveCfg = Release|Any CPU
		{F82D26F6-A014-70F7-FC32-F0C0EAF85005}.Release|Any CPU.Build.0 = Release|Any CPU
		{EC14DD11-400E-AE74-8171-69C9A62A1C65}.Debug|Any CPU.ActiveCfg = Debug|Any CPU
		{EC14DD11-400E-AE74-8171-69C9A62A1C65}.Debug|Any CPU.Build.0 = Debug|Any CPU
		{EC14DD11-400E-AE74-8171-69C9A62A1C65}.Release|Any CPU.ActiveCfg = Release|Any CPU
		{EC14DD11-400E-AE74-8171-69C9A62A1C65}.Release|Any CPU.Build.0 = Release|Any CPU
		{C19D3F0E-4D7B-CD7C-3743-33C2D396869A}.Debug|Any CPU.ActiveCfg = Debug|Any CPU
		{C19D3F0E-4D7B-CD7C-3743-33C2D396869A}.Debug|Any CPU.Build.0 = Debug|Any CPU
		{C19D3F0E-4D7B-CD7C-3743-33C2D396869A}.Release|Any CPU.ActiveCfg = Release|Any CPU
		{C19D3F0E-4D7B-CD7C-3743-33C2D396869A}.Release|Any CPU.Build.0 = Release|Any CPU
		{51E6012D-C207-86F0-63F5-3266A460C7F4}.Debug|Any CPU.ActiveCfg = Debug|Any CPU
		{51E6012D-C207-86F0-63F5-3266A460C7F4}.Debug|Any CPU.Build.0 = Debug|Any CPU
		{51E6012D-C207-86F0-63F5-3266A460C7F4}.Release|Any CPU.ActiveCfg = Release|Any CPU
		{51E6012D-C207-86F0-63F5-3266A460C7F4}.Release|Any CPU.Build.0 = Release|Any CPU
		{C6D4BF34-B8F3-9B71-F928-BB293DC6F127}.Debug|Any CPU.ActiveCfg = Debug|Any CPU
		{C6D4BF34-B8F3-9B71-F928-BB293DC6F127}.Debug|Any CPU.Build.0 = Debug|Any CPU
		{C6D4BF34-B8F3-9B71-F928-BB293DC6F127}.Release|Any CPU.ActiveCfg = Release|Any CPU
		{C6D4BF34-B8F3-9B71-F928-BB293DC6F127}.Release|Any CPU.Build.0 = Release|Any CPU
		{2B6A1B12-9A30-6448-994B-13B285C60086}.Debug|Any CPU.ActiveCfg = Debug|Any CPU
		{2B6A1B12-9A30-6448-994B-13B285C60086}.Debug|Any CPU.Build.0 = Debug|Any CPU
		{2B6A1B12-9A30-6448-994B-13B285C60086}.Release|Any CPU.ActiveCfg = Release|Any CPU
		{2B6A1B12-9A30-6448-994B-13B285C60086}.Release|Any CPU.Build.0 = Release|Any CPU
		{BE3656BD-69EA-AD1F-9A87-49A4A3389998}.Debug|Any CPU.ActiveCfg = Debug|Any CPU
		{BE3656BD-69EA-AD1F-9A87-49A4A3389998}.Debug|Any CPU.Build.0 = Debug|Any CPU
		{BE3656BD-69EA-AD1F-9A87-49A4A3389998}.Release|Any CPU.ActiveCfg = Release|Any CPU
		{BE3656BD-69EA-AD1F-9A87-49A4A3389998}.Release|Any CPU.Build.0 = Release|Any CPU
		{987422B1-C1CC-EC41-35CD-5019021F4F66}.Debug|Any CPU.ActiveCfg = Debug|Any CPU
		{987422B1-C1CC-EC41-35CD-5019021F4F66}.Debug|Any CPU.Build.0 = Debug|Any CPU
		{987422B1-C1CC-EC41-35CD-5019021F4F66}.Release|Any CPU.ActiveCfg = Release|Any CPU
		{987422B1-C1CC-EC41-35CD-5019021F4F66}.Release|Any CPU.Build.0 = Release|Any CPU
		{AB834841-E79B-DFEC-F313-631BFDE25830}.Debug|Any CPU.ActiveCfg = Debug|Any CPU
		{AB834841-E79B-DFEC-F313-631BFDE25830}.Debug|Any CPU.Build.0 = Debug|Any CPU
		{AB834841-E79B-DFEC-F313-631BFDE25830}.Release|Any CPU.ActiveCfg = Release|Any CPU
		{AB834841-E79B-DFEC-F313-631BFDE25830}.Release|Any CPU.Build.0 = Release|Any CPU
		{5358BBE6-6CD2-8A5B-663C-818B3D8B6130}.Debug|Any CPU.ActiveCfg = Debug|Any CPU
		{5358BBE6-6CD2-8A5B-663C-818B3D8B6130}.Debug|Any CPU.Build.0 = Debug|Any CPU
		{5358BBE6-6CD2-8A5B-663C-818B3D8B6130}.Release|Any CPU.ActiveCfg = Release|Any CPU
		{5358BBE6-6CD2-8A5B-663C-818B3D8B6130}.Release|Any CPU.Build.0 = Release|Any CPU
		{9F514471-86D0-D79B-1FB8-8CE2FAD648C7}.Debug|Any CPU.ActiveCfg = Debug|Any CPU
		{9F514471-86D0-D79B-1FB8-8CE2FAD648C7}.Debug|Any CPU.Build.0 = Debug|Any CPU
		{9F514471-86D0-D79B-1FB8-8CE2FAD648C7}.Release|Any CPU.ActiveCfg = Release|Any CPU
		{9F514471-86D0-D79B-1FB8-8CE2FAD648C7}.Release|Any CPU.Build.0 = Release|Any CPU
		{1161169D-BA93-BB6D-BBDC-615ABF2A62B7}.Debug|Any CPU.ActiveCfg = Debug|Any CPU
		{1161169D-BA93-BB6D-BBDC-615ABF2A62B7}.Debug|Any CPU.Build.0 = Debug|Any CPU
		{1161169D-BA93-BB6D-BBDC-615ABF2A62B7}.Release|Any CPU.ActiveCfg = Release|Any CPU
		{1161169D-BA93-BB6D-BBDC-615ABF2A62B7}.Release|Any CPU.Build.0 = Release|Any CPU
		{D28776B4-C4EE-D69D-F055-39213A953A0E}.Debug|Any CPU.ActiveCfg = Debug|Any CPU
		{D28776B4-C4EE-D69D-F055-39213A953A0E}.Debug|Any CPU.Build.0 = Debug|Any CPU
		{D28776B4-C4EE-D69D-F055-39213A953A0E}.Release|Any CPU.ActiveCfg = Release|Any CPU
		{D28776B4-C4EE-D69D-F055-39213A953A0E}.Release|Any CPU.Build.0 = Release|Any CPU
		{9EF8C97B-8BF9-53CD-5BEB-943AB76DCEFB}.Debug|Any CPU.ActiveCfg = Debug|Any CPU
		{9EF8C97B-8BF9-53CD-5BEB-943AB76DCEFB}.Debug|Any CPU.Build.0 = Debug|Any CPU
		{9EF8C97B-8BF9-53CD-5BEB-943AB76DCEFB}.Release|Any CPU.ActiveCfg = Release|Any CPU
		{9EF8C97B-8BF9-53CD-5BEB-943AB76DCEFB}.Release|Any CPU.Build.0 = Release|Any CPU
		{1B1424F2-5651-6553-181D-F57645F34CEA}.Debug|Any CPU.ActiveCfg = Debug|Any CPU
		{1B1424F2-5651-6553-181D-F57645F34CEA}.Debug|Any CPU.Build.0 = Debug|Any CPU
		{1B1424F2-5651-6553-181D-F57645F34CEA}.Release|Any CPU.ActiveCfg = Release|Any CPU
		{1B1424F2-5651-6553-181D-F57645F34CEA}.Release|Any CPU.Build.0 = Release|Any CPU
		{040B5544-FCB7-7E13-C21E-7CD27DB1A041}.Debug|Any CPU.ActiveCfg = Debug|Any CPU
		{040B5544-FCB7-7E13-C21E-7CD27DB1A041}.Debug|Any CPU.Build.0 = Debug|Any CPU
		{040B5544-FCB7-7E13-C21E-7CD27DB1A041}.Release|Any CPU.ActiveCfg = Release|Any CPU
		{040B5544-FCB7-7E13-C21E-7CD27DB1A041}.Release|Any CPU.Build.0 = Release|Any CPU
		{35162D43-8B43-FFDA-5082-34BAF1BCCE0A}.Debug|Any CPU.ActiveCfg = Debug|Any CPU
		{35162D43-8B43-FFDA-5082-34BAF1BCCE0A}.Debug|Any CPU.Build.0 = Debug|Any CPU
		{35162D43-8B43-FFDA-5082-34BAF1BCCE0A}.Release|Any CPU.ActiveCfg = Release|Any CPU
		{35162D43-8B43-FFDA-5082-34BAF1BCCE0A}.Release|Any CPU.Build.0 = Release|Any CPU
		{A423EBFA-2AE6-63D6-3A34-1620D6B95D58}.Debug|Any CPU.ActiveCfg = Debug|Any CPU
		{A423EBFA-2AE6-63D6-3A34-1620D6B95D58}.Debug|Any CPU.Build.0 = Debug|Any CPU
		{A423EBFA-2AE6-63D6-3A34-1620D6B95D58}.Release|Any CPU.ActiveCfg = Release|Any CPU
		{A423EBFA-2AE6-63D6-3A34-1620D6B95D58}.Release|Any CPU.Build.0 = Release|Any CPU
		{4797A503-7988-32E8-C307-AD14962CD0CE}.Debug|Any CPU.ActiveCfg = Debug|Any CPU
		{4797A503-7988-32E8-C307-AD14962CD0CE}.Debug|Any CPU.Build.0 = Debug|Any CPU
		{4797A503-7988-32E8-C307-AD14962CD0CE}.Release|Any CPU.ActiveCfg = Release|Any CPU
		{4797A503-7988-32E8-C307-AD14962CD0CE}.Release|Any CPU.Build.0 = Release|Any CPU
		{B60D933A-3113-EB07-DD96-B93F137A4063}.Debug|Any CPU.ActiveCfg = Debug|Any CPU
		{B60D933A-3113-EB07-DD96-B93F137A4063}.Debug|Any CPU.Build.0 = Debug|Any CPU
		{B60D933A-3113-EB07-DD96-B93F137A4063}.Release|Any CPU.ActiveCfg = Release|Any CPU
		{B60D933A-3113-EB07-DD96-B93F137A4063}.Release|Any CPU.Build.0 = Release|Any CPU
		{CE2E743E-9B14-921B-D1EC-829D37DD8974}.Debug|Any CPU.ActiveCfg = Debug|Any CPU
		{CE2E743E-9B14-921B-D1EC-829D37DD8974}.Debug|Any CPU.Build.0 = Debug|Any CPU
		{CE2E743E-9B14-921B-D1EC-829D37DD8974}.Release|Any CPU.ActiveCfg = Release|Any CPU
		{CE2E743E-9B14-921B-D1EC-829D37DD8974}.Release|Any CPU.Build.0 = Release|Any CPU
		{19886AD3-DA69-0C84-EF93-325E6EC728B0}.Debug|Any CPU.ActiveCfg = Debug|Any CPU
		{19886AD3-DA69-0C84-EF93-325E6EC728B0}.Debug|Any CPU.Build.0 = Debug|Any CPU
		{19886AD3-DA69-0C84-EF93-325E6EC728B0}.Release|Any CPU.ActiveCfg = Release|Any CPU
		{19886AD3-DA69-0C84-EF93-325E6EC728B0}.Release|Any CPU.Build.0 = Release|Any CPU
		{B19FEE73-2F56-830E-78F9-A7978889EFDC}.Debug|Any CPU.ActiveCfg = Debug|Any CPU
		{B19FEE73-2F56-830E-78F9-A7978889EFDC}.Debug|Any CPU.Build.0 = Debug|Any CPU
		{B19FEE73-2F56-830E-78F9-A7978889EFDC}.Release|Any CPU.ActiveCfg = Release|Any CPU
		{B19FEE73-2F56-830E-78F9-A7978889EFDC}.Release|Any CPU.Build.0 = Release|Any CPU
		{A1407C0C-FF21-10CC-C50E-DCB33D1B2656}.Debug|Any CPU.ActiveCfg = Debug|Any CPU
		{A1407C0C-FF21-10CC-C50E-DCB33D1B2656}.Debug|Any CPU.Build.0 = Debug|Any CPU
		{A1407C0C-FF21-10CC-C50E-DCB33D1B2656}.Release|Any CPU.ActiveCfg = Release|Any CPU
		{A1407C0C-FF21-10CC-C50E-DCB33D1B2656}.Release|Any CPU.Build.0 = Release|Any CPU
		{6996819B-0E90-DEFE-136A-EF991D777431}.Debug|Any CPU.ActiveCfg = Debug|Any CPU
		{6996819B-0E90-DEFE-136A-EF991D777431}.Debug|Any CPU.Build.0 = Debug|Any CPU
		{6996819B-0E90-DEFE-136A-EF991D777431}.Release|Any CPU.ActiveCfg = Release|Any CPU
		{6996819B-0E90-DEFE-136A-EF991D777431}.Release|Any CPU.Build.0 = Release|Any CPU
		{48C576A9-6044-9511-4D68-6BE32404ADB3}.Debug|Any CPU.ActiveCfg = Debug|Any CPU
		{48C576A9-6044-9511-4D68-6BE32404ADB3}.Debug|Any CPU.Build.0 = Debug|Any CPU
		{48C576A9-6044-9511-4D68-6BE32404ADB3}.Release|Any CPU.ActiveCfg = Release|Any CPU
		{48C576A9-6044-9511-4D68-6BE32404ADB3}.Release|Any CPU.Build.0 = Release|Any CPU
		{B961405D-3675-3419-2522-508B012F5BC0}.Debug|Any CPU.ActiveCfg = Debug|Any CPU
		{B961405D-3675-3419-2522-508B012F5BC0}.Debug|Any CPU.Build.0 = Debug|Any CPU
		{B961405D-3675-3419-2522-508B012F5BC0}.Release|Any CPU.ActiveCfg = Release|Any CPU
		{B961405D-3675-3419-2522-508B012F5BC0}.Release|Any CPU.Build.0 = Release|Any CPU
		{4DAAE486-C1B2-9764-71D2-ED89E883113B}.Debug|Any CPU.ActiveCfg = Debug|Any CPU
		{4DAAE486-C1B2-9764-71D2-ED89E883113B}.Debug|Any CPU.Build.0 = Debug|Any CPU
		{4DAAE486-C1B2-9764-71D2-ED89E883113B}.Release|Any CPU.ActiveCfg = Release|Any CPU
		{4DAAE486-C1B2-9764-71D2-ED89E883113B}.Release|Any CPU.Build.0 = Release|Any CPU
		{0ED1B622-826B-96AA-673B-03E346AE4A8B}.Debug|Any CPU.ActiveCfg = Debug|Any CPU
		{0ED1B622-826B-96AA-673B-03E346AE4A8B}.Debug|Any CPU.Build.0 = Debug|Any CPU
		{0ED1B622-826B-96AA-673B-03E346AE4A8B}.Release|Any CPU.ActiveCfg = Release|Any CPU
		{0ED1B622-826B-96AA-673B-03E346AE4A8B}.Release|Any CPU.Build.0 = Release|Any CPU
		{B9FCD0A3-287F-FB30-243D-92CC9ADEF607}.Debug|Any CPU.ActiveCfg = Debug|Any CPU
		{B9FCD0A3-287F-FB30-243D-92CC9ADEF607}.Debug|Any CPU.Build.0 = Debug|Any CPU
		{B9FCD0A3-287F-FB30-243D-92CC9ADEF607}.Release|Any CPU.ActiveCfg = Release|Any CPU
		{B9FCD0A3-287F-FB30-243D-92CC9ADEF607}.Release|Any CPU.Build.0 = Release|Any CPU
		{2B23D3F4-1A63-5C40-E2AF-5B02881D7434}.Debug|Any CPU.ActiveCfg = Debug|Any CPU
		{2B23D3F4-1A63-5C40-E2AF-5B02881D7434}.Debug|Any CPU.Build.0 = Debug|Any CPU
		{2B23D3F4-1A63-5C40-E2AF-5B02881D7434}.Release|Any CPU.ActiveCfg = Release|Any CPU
		{2B23D3F4-1A63-5C40-E2AF-5B02881D7434}.Release|Any CPU.Build.0 = Release|Any CPU
		{7A5C6353-6C6C-AF36-C095-618F635509D9}.Debug|Any CPU.ActiveCfg = Debug|Any CPU
		{7A5C6353-6C6C-AF36-C095-618F635509D9}.Debug|Any CPU.Build.0 = Debug|Any CPU
		{7A5C6353-6C6C-AF36-C095-618F635509D9}.Release|Any CPU.ActiveCfg = Release|Any CPU
		{7A5C6353-6C6C-AF36-C095-618F635509D9}.Release|Any CPU.Build.0 = Release|Any CPU
		{1A5DDFD2-2B8B-DD40-37A7-73FE98E439B1}.Debug|Any CPU.ActiveCfg = Debug|Any CPU
		{1A5DDFD2-2B8B-DD40-37A7-73FE98E439B1}.Debug|Any CPU.Build.0 = Debug|Any CPU
		{1A5DDFD2-2B8B-DD40-37A7-73FE98E439B1}.Release|Any CPU.ActiveCfg = Release|Any CPU
		{1A5DDFD2-2B8B-DD40-37A7-73FE98E439B1}.Release|Any CPU.Build.0 = Release|Any CPU
		{AEBBA21D-26BA-7477-ED1C-3D15A14958EF}.Debug|Any CPU.ActiveCfg = Debug|Any CPU
		{AEBBA21D-26BA-7477-ED1C-3D15A14958EF}.Debug|Any CPU.Build.0 = Debug|Any CPU
		{AEBBA21D-26BA-7477-ED1C-3D15A14958EF}.Release|Any CPU.ActiveCfg = Release|Any CPU
		{AEBBA21D-26BA-7477-ED1C-3D15A14958EF}.Release|Any CPU.Build.0 = Release|Any CPU
		{3FEBCFFB-9C75-5F9D-45C2-11C595FF9392}.Debug|Any CPU.ActiveCfg = Debug|Any CPU
		{3FEBCFFB-9C75-5F9D-45C2-11C595FF9392}.Debug|Any CPU.Build.0 = Debug|Any CPU
		{3FEBCFFB-9C75-5F9D-45C2-11C595FF9392}.Release|Any CPU.ActiveCfg = Release|Any CPU
		{3FEBCFFB-9C75-5F9D-45C2-11C595FF9392}.Release|Any CPU.Build.0 = Release|Any CPU
		{AAD68A9C-8233-990D-E459-49335F044D15}.Debug|Any CPU.ActiveCfg = Debug|Any CPU
		{AAD68A9C-8233-990D-E459-49335F044D15}.Debug|Any CPU.Build.0 = Debug|Any CPU
		{AAD68A9C-8233-990D-E459-49335F044D15}.Release|Any CPU.ActiveCfg = Release|Any CPU
		{AAD68A9C-8233-990D-E459-49335F044D15}.Release|Any CPU.Build.0 = Release|Any CPU
		{8B6ED278-599A-E04C-ACC2-DF908B3F97D6}.Debug|Any CPU.ActiveCfg = Debug|Any CPU
		{8B6ED278-599A-E04C-ACC2-DF908B3F97D6}.Debug|Any CPU.Build.0 = Debug|Any CPU
		{8B6ED278-599A-E04C-ACC2-DF908B3F97D6}.Release|Any CPU.ActiveCfg = Release|Any CPU
		{8B6ED278-599A-E04C-ACC2-DF908B3F97D6}.Release|Any CPU.Build.0 = Release|Any CPU
		{F4A68097-7712-DCF6-A866-93260B814F87}.Debug|Any CPU.ActiveCfg = Debug|Any CPU
		{F4A68097-7712-DCF6-A866-93260B814F87}.Debug|Any CPU.Build.0 = Debug|Any CPU
		{F4A68097-7712-DCF6-A866-93260B814F87}.Release|Any CPU.ActiveCfg = Release|Any CPU
		{F4A68097-7712-DCF6-A866-93260B814F87}.Release|Any CPU.Build.0 = Release|Any CPU
		{6DE88188-C42D-2622-E483-E4038F75EE69}.Debug|Any CPU.ActiveCfg = Debug|Any CPU
		{6DE88188-C42D-2622-E483-E4038F75EE69}.Debug|Any CPU.Build.0 = Debug|Any CPU
		{6DE88188-C42D-2622-E483-E4038F75EE69}.Release|Any CPU.ActiveCfg = Release|Any CPU
		{6DE88188-C42D-2622-E483-E4038F75EE69}.Release|Any CPU.Build.0 = Release|Any CPU
		{FBE12795-DA4A-D7C8-5A32-A3F26DBB0D87}.Debug|Any CPU.ActiveCfg = Debug|Any CPU
		{FBE12795-DA4A-D7C8-5A32-A3F26DBB0D87}.Debug|Any CPU.Build.0 = Debug|Any CPU
		{FBE12795-DA4A-D7C8-5A32-A3F26DBB0D87}.Release|Any CPU.ActiveCfg = Release|Any CPU
		{FBE12795-DA4A-D7C8-5A32-A3F26DBB0D87}.Release|Any CPU.Build.0 = Release|Any CPU
		{8A09C8DD-3FBD-4359-E19A-87B57F63928F}.Debug|Any CPU.ActiveCfg = Debug|Any CPU
		{8A09C8DD-3FBD-4359-E19A-87B57F63928F}.Debug|Any CPU.Build.0 = Debug|Any CPU
		{8A09C8DD-3FBD-4359-E19A-87B57F63928F}.Release|Any CPU.ActiveCfg = Release|Any CPU
		{8A09C8DD-3FBD-4359-E19A-87B57F63928F}.Release|Any CPU.Build.0 = Release|Any CPU
		{3419B71A-EE57-BB8B-4088-7DAEA8CE6F04}.Debug|Any CPU.ActiveCfg = Debug|Any CPU
		{3419B71A-EE57-BB8B-4088-7DAEA8CE6F04}.Debug|Any CPU.Build.0 = Debug|Any CPU
		{3419B71A-EE57-BB8B-4088-7DAEA8CE6F04}.Release|Any CPU.ActiveCfg = Release|Any CPU
		{3419B71A-EE57-BB8B-4088-7DAEA8CE6F04}.Release|Any CPU.Build.0 = Release|Any CPU
		{D71CC369-6798-6708-6ABD-C919E2C8C446}.Debug|Any CPU.ActiveCfg = Debug|Any CPU
		{D71CC369-6798-6708-6ABD-C919E2C8C446}.Debug|Any CPU.Build.0 = Debug|Any CPU
		{D71CC369-6798-6708-6ABD-C919E2C8C446}.Release|Any CPU.ActiveCfg = Release|Any CPU
		{D71CC369-6798-6708-6ABD-C919E2C8C446}.Release|Any CPU.Build.0 = Release|Any CPU
		{484DE4B1-8203-7527-489F-DC958FE870AA}.Debug|Any CPU.ActiveCfg = Debug|Any CPU
		{484DE4B1-8203-7527-489F-DC958FE870AA}.Debug|Any CPU.Build.0 = Debug|Any CPU
		{484DE4B1-8203-7527-489F-DC958FE870AA}.Release|Any CPU.ActiveCfg = Release|Any CPU
		{484DE4B1-8203-7527-489F-DC958FE870AA}.Release|Any CPU.Build.0 = Release|Any CPU
		{382A3785-E018-2C4D-3776-DF6D63E4A5CB}.Debug|Any CPU.ActiveCfg = Debug|Any CPU
		{382A3785-E018-2C4D-3776-DF6D63E4A5CB}.Debug|Any CPU.Build.0 = Debug|Any CPU
		{382A3785-E018-2C4D-3776-DF6D63E4A5CB}.Release|Any CPU.ActiveCfg = Release|Any CPU
		{382A3785-E018-2C4D-3776-DF6D63E4A5CB}.Release|Any CPU.Build.0 = Release|Any CPU
		{0FC045B1-E0E1-35C4-31AB-62A0A00C65ED}.Debug|Any CPU.ActiveCfg = Debug|Any CPU
		{0FC045B1-E0E1-35C4-31AB-62A0A00C65ED}.Debug|Any CPU.Build.0 = Debug|Any CPU
		{0FC045B1-E0E1-35C4-31AB-62A0A00C65ED}.Release|Any CPU.ActiveCfg = Release|Any CPU
		{0FC045B1-E0E1-35C4-31AB-62A0A00C65ED}.Release|Any CPU.Build.0 = Release|Any CPU
		{32E523C0-59F0-FA84-D3E8-F04706941749}.Debug|Any CPU.ActiveCfg = Debug|Any CPU
		{32E523C0-59F0-FA84-D3E8-F04706941749}.Debug|Any CPU.Build.0 = Debug|Any CPU
		{32E523C0-59F0-FA84-D3E8-F04706941749}.Release|Any CPU.ActiveCfg = Release|Any CPU
		{32E523C0-59F0-FA84-D3E8-F04706941749}.Release|Any CPU.Build.0 = Release|Any CPU
		{4BBAA2EB-87E7-F971-43D9-5C1216E2827C}.Debug|Any CPU.ActiveCfg = Debug|Any CPU
		{4BBAA2EB-87E7-F971-43D9-5C1216E2827C}.Debug|Any CPU.Build.0 = Debug|Any CPU
		{4BBAA2EB-87E7-F971-43D9-5C1216E2827C}.Release|Any CPU.ActiveCfg = Release|Any CPU
		{4BBAA2EB-87E7-F971-43D9-5C1216E2827C}.Release|Any CPU.Build.0 = Release|Any CPU
	EndGlobalSection
	GlobalSection(SolutionProperties) = preSolution
		HideSolutionNode = FALSE
	EndGlobalSection
EndGlobal
